<?xml version="1.0" encoding="utf-8"?>
<Project ToolsVersion="4.0" xmlns="http://schemas.microsoft.com/developer/msbuild/2003">
  <ItemGroup>
    <Filter Include="resource">
      <UniqueIdentifier>{ca9c9e15-d942-43a1-aa7a-5f0b74ca1afd}</UniqueIdentifier>
      <Extensions>rc;ico;cur;bmp;dlg;rc2;rct;bin;rgs;jpg;jpeg;jpe;png;manifest</Extensions>
    </Filter>
    <Filter Include="win32">
      <UniqueIdentifier>{ccb2323b-1cfa-41ea-bcf4-ba5f07309396}</UniqueIdentifier>
    </Filter>
    <Filter Include="Classes">
      <UniqueIdentifier>{e93a77e1-af1e-4400-87d3-504b62ebdbb0}</UniqueIdentifier>
    </Filter>
    <Filter Include="YHScript">
      <UniqueIdentifier>{697e0cc8-8a19-4b35-a3d5-f7917bb2b6b2}</UniqueIdentifier>
    </Filter>
    <Filter Include="YHScript\modules">
      <UniqueIdentifier>{03fce605-a08a-4be7-b562-2aed1ca79c30}</UniqueIdentifier>
    </Filter>
  </ItemGroup>
  <ItemGroup>
    <ClCompile Include="main.cpp">
      <Filter>win32</Filter>
    </ClCompile>
    <ClCompile Include="..\Classes\AppDelegate.cpp">
      <Filter>Classes</Filter>
    </ClCompile>
    <ClCompile Include="..\Classes\HelloWorldScene.cpp">
      <Filter>Classes</Filter>
    </ClCompile>
    <ClCompile Include="..\YHScript\ScriptCore.cpp">
      <Filter>YHScript</Filter>
    </ClCompile>
    <ClCompile Include="..\YHScript\JSValUtil.cpp">
      <Filter>YHScript</Filter>
    </ClCompile>
    <ClCompile Include="..\YHScript\modules\Person.cpp">
      <Filter>YHScript\modules</Filter>
    </ClCompile>
    <ClCompile Include="..\YHScript\Modules.cpp">
      <Filter>YHScript</Filter>
    </ClCompile>
    <ClCompile Include="..\YHScript\Module.cpp">
      <Filter>YHScript</Filter>
    </ClCompile>
    <ClCompile Include="..\YHScript\modules\Constants.cpp">
      <Filter>YHScript\modules</Filter>
    </ClCompile>
    <ClCompile Include="..\YHScript\modules\Natives.cpp">
      <Filter>YHScript\modules</Filter>
    </ClCompile>
    <ClCompile Include="..\YHScript\modules\Script.cpp">
      <Filter>YHScript\modules</Filter>
    </ClCompile>
  </ItemGroup>
  <ItemGroup>
    <ClInclude Include="resource.h">
      <Filter>win32</Filter>
    </ClInclude>
    <ClInclude Include="..\Classes\AppDelegate.h">
      <Filter>Classes</Filter>
    </ClInclude>
    <ClInclude Include="main.h">
      <Filter>win32</Filter>
    </ClInclude>
    <ClInclude Include="..\Classes\HelloWorldScene.h">
      <Filter>Classes</Filter>
    </ClInclude>
    <ClInclude Include="..\YHScript\YHScriptMacros.h">
      <Filter>YHScript</Filter>
    </ClInclude>
    <ClInclude Include="..\YHScript\ScriptCore.h">
      <Filter>YHScript</Filter>
    </ClInclude>
    <ClInclude Include="..\YHScript\JSValUtil.h">
      <Filter>YHScript</Filter>
    </ClInclude>
    <ClInclude Include="..\YHScript\modules\Person.h">
      <Filter>YHScript\modules</Filter>
    </ClInclude>
    <ClInclude Include="..\YHScript\Modules.h">
      <Filter>YHScript</Filter>
    </ClInclude>
    <ClInclude Include="..\YHScript\JSStringWrapper.h">
      <Filter>YHScript</Filter>
    </ClInclude>
    <ClInclude Include="..\YHScript\Module.h">
      <Filter>YHScript</Filter>
    </ClInclude>
    <ClInclude Include="..\YHScript\modules\Constants.h">
      <Filter>YHScript\modules</Filter>
    </ClInclude>
    <ClInclude Include="..\YHScript\modules\Natives.h">
      <Filter>YHScript\modules</Filter>
    </ClInclude>
    <ClInclude Include="..\YHScript\modules\all.h">
      <Filter>YHScript\modules</Filter>
    </ClInclude>
    <ClInclude Include="..\YHScript\modules\Script.h">
      <Filter>YHScript\modules</Filter>
    </ClInclude>
  </ItemGroup>
  <ItemGroup>
    <None Include="res\game.ico">
      <Filter>resource</Filter>
    </None>
  </ItemGroup>
  <ItemGroup>
    <ResourceCompile Include="game.rc">
      <Filter>resource</Filter>
    </ResourceCompile>
  </ItemGroup>
</Project>